
Microsoft Visual Studio Solution File, Format Version 12.00
# Visual Studio Version 16
VisualStudioVersion = 16.0.30320.27
MinimumVisualStudioVersion = 10.0.40219.1
Project("{9A19103F-16F7-4668-BE54-9A1E7A4F7556}") = "Storage", "Storage\Storage.csproj", "{C6C7EF38-38C4-4CE0-B475-2FEFB797354E}"
EndProject
Project("{2150E333-8FDC-42A3-9474-1A3956D46DE8}") = "Database", "Database", "{723038F5-844D-44E9-B051-1FE81582F8C7}"
EndProject
Project("{FAE04EC0-301F-11D3-BF4B-00C04F79EFBC}") = "ClassLibrary", "ClassLibrary\ClassLibrary.csproj", "{FEFAA8C2-D8EA-4FE1-A2E6-9E936CCFB6E0}"
EndProject
Global
	GlobalSection(SolutionConfigurationPlatforms) = preSolution
		Debug|Any CPU = Debug|Any CPU
		Release|Any CPU = Release|Any CPU
	EndGlobalSection
	GlobalSection(ProjectConfigurationPlatforms) = postSolution
		{C6C7EF38-38C4-4CE0-B475-2FEFB797354E}.Debug|Any CPU.ActiveCfg = Debug|Any CPU
		{C6C7EF38-38C4-4CE0-B475-2FEFB797354E}.Debug|Any CPU.Build.0 = Debug|Any CPU
		{C6C7EF38-38C4-4CE0-B475-2FEFB797354E}.Release|Any CPU.ActiveCfg = Release|Any CPU
		{C6C7EF38-38C4-4CE0-B475-2FEFB797354E}.Release|Any CPU.Build.0 = Release|Any CPU
		{FEFAA8C2-D8EA-4FE1-A2E6-9E936CCFB6E0}.Debug|Any CPU.ActiveCfg = Debug|Any CPU
		{FEFAA8C2-D8EA-4FE1-A2E6-9E936CCFB6E0}.Debug|Any CPU.Build.0 = Debug|Any CPU
		{FEFAA8C2-D8EA-4FE1-A2E6-9E936CCFB6E0}.Release|Any CPU.ActiveCfg = Release|Any CPU
		{FEFAA8C2-D8EA-4FE1-A2E6-9E936CCFB6E0}.Release|Any CPU.Build.0 = Release|Any CPU
	EndGlobalSection
	GlobalSection(SolutionProperties) = preSolution
		HideSolutionNode = FALSE
	EndGlobalSection
	GlobalSection(NestedProjects) = preSolution
		{FEFAA8C2-D8EA-4FE1-A2E6-9E936CCFB6E0} = {723038F5-844D-44E9-B051-1FE81582F8C7}
	EndGlobalSection
	GlobalSection(ExtensibilityGlobals) = postSolution
		SolutionGuid = {0E7EC162-93B4-4A30-AF06-C2D7523C3CED}
	EndGlobalSection
EndGlobal
